// !$*UTF8*$!
{
	archiveVersion = 1;
	classes = {
	};
	objectVersion = 77;
	objects = {

/* Begin PBXContainerItemProxy section */
		5FA5D48F2E623DF300E05A92 /* PBXContainerItemProxy */ = {
			isa = PBXContainerItemProxy;
			containerPortal = 5FA5D4792E623DF100E05A92 /* Project object */;
			proxyType = 1;
			remoteGlobalIDString = 5FA5D4802E623DF100E05A92;
			remoteInfo = "AWS Academy";
		};
		5FA5D4992E623DF300E05A92 /* PBXContainerItemProxy */ = {
			isa = PBXContainerItemProxy;
			containerPortal = 5FA5D4792E623DF100E05A92 /* Project object */;
			proxyType = 1;
			remoteGlobalIDString = 5FA5D4802E623DF100E05A92;
			remoteInfo = "AWS Academy";
		};
/* End PBXContainerItemProxy section */

/* Begin PBXFileReference section */
		5FA5D4812E623DF100E05A92 /* AWS Academy.app */ = {isa = PBXFileReference; explicitFileType = wrapper.application; includeInIndex = 0; path = "AWS Academy.app"; sourceTree = BUILT_PRODUCTS_DIR; };
		5FA5D48E2E623DF300E05A92 /* AWS AcademyTests.xctest */ = {isa = PBXFileReference; explicitFileType = wrapper.cfbundle; includeInIndex = 0; path = "AWS AcademyTests.xctest"; sourceTree = BUILT_PRODUCTS_DIR; };
		5FA5D4982E623DF300E05A92 /* AWS AcademyUITests.xctest */ = {isa = PBXFileReference; explicitFileType = wrapper.cfbundle; includeInIndex = 0; path = "AWS AcademyUITests.xctest"; sourceTree = BUILT_PRODUCTS_DIR; };
/* End PBXFileReference section */

/* Begin PBXFileSystemSynchronizedRootGroup section */
		5FA5D4832E623DF100E05A92 /* AWS Academy */ = {
			isa = PBXFileSystemSynchronizedRootGroup;
			path = "AWS Academy";
			sourceTree = "<group>";
		};
		5FA5D4912E623DF300E05A92 /* AWS AcademyTests */ = {
			isa = PBXFileSystemSynchronizedRootGroup;
			path = "AWS AcademyTests";
			sourceTree = "<group>";
		};
		5FA5D49B2E623DF300E05A92 /* AWS AcademyUITests */ = {
			isa = PBXFileSystemSynchronizedRootGroup;
			path = "AWS AcademyUITests";
			sourceTree = "<group>";
		};
/* End PBXFileSystemSynchronizedRootGroup section */

/* Begin PBXFrameworksBuildPhase section */
		5FA5D47E2E623DF100E05A92 /* Frameworks */ = {
			isa = PBXFrameworksBuildPhase;
			buildActionMask = 2147483647;
			files = (
			);
			runOnlyForDeploymentPostprocessing = 0;
		};
		5FA5D48B2E623DF300E05A92 /* Frameworks */ = {
			isa = PBXFrameworksBuildPhase;
			buildActionMask = 2147483647;
			files = (
			);
			runOnlyForDeploymentPostprocessing = 0;
		};
		5FA5D4952E623DF300E05A92 /* Frameworks */ = {
			isa = PBXFrameworksBuildPhase;
			buildActionMask = 2147483647;
			files = (
			);
			runOnlyForDeploymentPostprocessing = 0;
		};
/* End PBXFrameworksBuildPhase section */

/* Begin PBXGroup section */
		5FA5D4782E623DF100E05A92 = {
			isa = PBXGroup;
			children = (
				5FA5D4832E623DF100E05A92 /* AWS Academy */,
				5FA5D4912E623DF300E05A92 /* AWS AcademyTests */,
				5FA5D49B2E623DF300E05A92 /* AWS AcademyUITests */,
				5FA5D4822E623DF100E05A92 /* Products */,
			);
			sourceTree = "<group>";
		};
		5FA5D4822E623DF100E05A92 /* Products */ = {
			isa = PBXGroup;
			children = (
				5FA5D4812E623DF100E05A92 /* AWS Academy.app */,
				5FA5D48E2E623DF300E05A92 /* AWS AcademyTests.xctest */,
				5FA5D4982E623DF300E05A92 /* AWS AcademyUITests.xctest */,
			);
			name = Products;
			sourceTree = "<group>";
		};
/* End PBXGroup section */

/* Begin PBXNativeTarget section */
		5FA5D4802E623DF100E05A92 /* AWS Academy */ = {
			isa = PBXNativeTarget;
			buildConfigurationList = 5FA5D4A22E623DF300E05A92 /* Build configuration list for PBXNativeTarget "AWS Academy" */;
			buildPhases = (
				5FA5D47D2E623DF100E05A92 /* Sources */,
				5FA5D47E2E623DF100E05A92 /* Frameworks */,
				5FA5D47F2E623DF100E05A92 /* Resources */,
			);
			buildRules = (
			);
			dependencies = (
			);
			fileSystemSynchronizedGroups = (
				5FA5D4832E623DF100E05A92 /* AWS Academy */,
			);
			name = "AWS Academy";
			packageProductDependencies = (
			);
			productName = "AWS Academy";
			productReference = 5FA5D4812E623DF100E05A92 /* AWS Academy.app */;
			productType = "com.apple.product-type.application";
		};
		5FA5D48D2E623DF300E05A92 /* AWS AcademyTests */ = {
			isa = PBXNativeTarget;
			buildConfigurationList = 5FA5D4A52E623DF300E05A92 /* Build configuration list for PBXNativeTarget "AWS AcademyTests" */;
			buildPhases = (
				5FA5D48A2E623DF300E05A92 /* Sources */,
				5FA5D48B2E623DF300E05A92 /* Frameworks */,
				5FA5D48C2E623DF300E05A92 /* Resources */,
			);
			buildRules = (
			);
			dependencies = (
				5FA5D4902E623DF300E05A92 /* PBXTargetDependency */,
			);
			fileSystemSynchronizedGroups = (
				5FA5D4912E623DF300E05A92 /* AWS AcademyTests */,
			);
			name = "AWS AcademyTests";
			packageProductDependencies = (
			);
			productName = "AWS AcademyTests";
			productReference = 5FA5D48E2E623DF300E05A92 /* AWS AcademyTests.xctest */;
			productType = "com.apple.product-type.bundle.unit-test";
		};
		5FA5D4972E623DF300E05A92 /* AWS AcademyUITests */ = {
			isa = PBXNativeTarget;
			buildConfigurationList = 5FA5D4A82E623DF300E05A92 /* Build configuration list for PBXNativeTarget "AWS AcademyUITests" */;
			buildPhases = (
				5FA5D4942E623DF300E05A92 /* Sources */,
				5FA5D4952E623DF300E05A92 /* Frameworks */,
				5FA5D4962E623DF300E05A92 /* Resources */,
			);
			buildRules = (
			);
			dependencies = (
				5FA5D49A2E623DF300E05A92 /* PBXTargetDependency */,
			);
			fileSystemSynchronizedGroups = (
				5FA5D49B2E623DF300E05A92 /* AWS AcademyUITests */,
			);
			name = "AWS AcademyUITests";
			packageProductDependencies = (
			);
			productName = "AWS AcademyUITests";
			productReference = 5FA5D4982E623DF300E05A92 /* AWS AcademyUITests.xctest */;
			productType = "com.apple.product-type.bundle.ui-testing";
		};
/* End PBXNativeTarget section */

/* Begin PBXProject section */
		5FA5D4792E623DF100E05A92 /* Project object */ = {
			isa = PBXProject;
			attributes = {
				BuildIndependentTargetsInParallel = 1;
				LastSwiftUpdateCheck = 1630;
				LastUpgradeCheck = 1630;
				TargetAttributes = {
					5FA5D4802E623DF100E05A92 = {
						CreatedOnToolsVersion = 16.3;
					};
					5FA5D48D2E623DF300E05A92 = {
						CreatedOnToolsVersion = 16.3;
						TestTargetID = 5FA5D4802E623DF100E05A92;
					};
					5FA5D4972E623DF300E05A92 = {
						CreatedOnToolsVersion = 16.3;
						TestTargetID = 5FA5D4802E623DF100E05A92;
					};
				};
			};
			buildConfigurationList = 5FA5D47C2E623DF100E05A92 /* Build configuration list for PBXProject "AWS Academy" */;
			developmentRegion = en;
			hasScannedForEncodings = 0;
			knownRegions = (
				en,
				Base,
			);
			mainGroup = 5FA5D4782E623DF100E05A92;
			minimizedProjectReferenceProxies = 1;
			preferredProjectObjectVersion = 77;
			productRefGroup = 5FA5D4822E623DF100E05A92 /* Products */;
			projectDirPath = "";
			projectRoot = "";
			targets = (
				5FA5D4802E623DF100E05A92 /* AWS Academy */,
				5FA5D48D2E623DF300E05A92 /* AWS AcademyTests */,
				5FA5D4972E623DF300E05A92 /* AWS AcademyUITests */,
			);
		};
/* End PBXProject section */

/* Begin PBXResourcesBuildPhase section */
		5FA5D47F2E623DF100E05A92 /* Resources */ = {
			isa = PBXResourcesBuildPhase;
			buildActionMask = 2147483647;
			files = (
			);
			runOnlyForDeploymentPostprocessing = 0;
		};
		5FA5D48C2E623DF300E05A92 /* Resources */ = {
			isa = PBXResourcesBuildPhase;
			buildActionMask = 2147483647;
			files = (
			);
			runOnlyForDeploymentPostprocessing = 0;
		};
		5FA5D4962E623DF300E05A92 /* Resources */ = {
			isa = PBXResourcesBuildPhase;
			buildActionMask = 2147483647;
			files = (
			);
			runOnlyForDeploymentPostprocessing = 0;
		};
/* End PBXResourcesBuildPhase section */

/* Begin PBXSourcesBuildPhase section */
		5FA5D47D2E623DF100E05A92 /* Sources */ = {
			isa = PBXSourcesBuildPhase;
			buildActionMask = 2147483647;
			files = (
			);
			runOnlyForDeploymentPostprocessing = 0;
		};
		5FA5D48A2E623DF300E05A92 /* Sources */ = {
			isa = PBXSourcesBuildPhase;
			buildActionMask = 2147483647;
			files = (
			);
			runOnlyForDeploymentPostprocessing = 0;
		};
		5FA5D4942E623DF300E05A92 /* Sources */ = {
			isa = PBXSourcesBuildPhase;
			buildActionMask = 2147483647;
			files = (
			);
			runOnlyForDeploymentPostprocessing = 0;
		};
/* End PBXSourcesBuildPhase section */

/* Begin PBXTargetDependency section */
		5FA5D4902E623DF300E05A92 /* PBXTargetDependency */ = {
			isa = PBXTargetDependency;
			target = 5FA5D4802E623DF100E05A92 /* AWS Academy */;
			targetProxy = 5FA5D48F2E623DF300E05A92 /* PBXContainerItemProxy */;
		};
		5FA5D49A2E623DF300E05A92 /* PBXTargetDependency */ = {
			isa = PBXTargetDependency;
			target = 5FA5D4802E623DF100E05A92 /* AWS Academy */;
			targetProxy = 5FA5D4992E623DF300E05A92 /* PBXContainerItemProxy */;
		};
/* End PBXTargetDependency section */

/* Begin XCBuildConfiguration section */
		5FA5D4A02E623DF300E05A92 /* Debug */ = {
			isa = XCBuildConfiguration;
			buildSettings = {
				ALWAYS_SEARCH_USER_PATHS = NO;
				ASSETCATALOG_COMPILER_GENERATE_SWIFT_ASSET_SYMBOL_EXTENSIONS = YES;
				CLANG_ANALYZER_NONNULL = YES;
				CLANG_ANALYZER_NUMBER_OBJECT_CONVERSION = YES_AGGRESSIVE;
				CLANG_CXX_LANGUAGE_STANDARD = "gnu++20";
				CLANG_ENABLE_MODULES = YES;
				CLANG_ENABLE_OBJC_ARC = YES;
				CLANG_ENABLE_OBJC_WEAK = YES;
				CLANG_WARN_BLOCK_CAPTURE_AUTORELEASING = YES;
				CLANG_WARN_BOOL_CONVERSION = YES;
				CLANG_WARN_COMMA = YES;
				CLANG_WARN_CONSTANT_CONVERSION = YES;
				CLANG_WARN_DEPRECATED_OBJC_IMPLEMENTATIONS = YES;
				CLANG_WARN_DIRECT_OBJC_ISA_USAGE = YES_ERROR;
				CLANG_WARN_DOCUMENTATION_COMMENTS = YES;
				CLANG_WARN_EMPTY_BODY = YES;
				CLANG_WARN_ENUM_CONVERSION = YES;
				CLANG_WARN_INFINITE_RECURSION = YES;
				CLANG_WARN_INT_CONVERSION = YES;
				CLANG_WARN_NON_LITERAL_NULL_CONVERSION = YES;
				CLANG_WARN_OBJC_IMPLICIT_RETAIN_SELF = YES;
				CLANG_WARN_OBJC_LITERAL_CONVERSION = YES;
				CLANG_WARN_OBJC_ROOT_CLASS = YES_ERROR;
				CLANG_WARN_QUOTED_INCLUDE_IN_FRAMEWORK_HEADER = YES;
				CLANG_WARN_RANGE_LOOP_ANALYSIS = YES;
				CLANG_WARN_STRICT_PROTOTYPES = YES;
				CLANG_WARN_SUSPICIOUS_MOVE = YES;
				CLANG_WARN_UNGUARDED_AVAILABILITY = YES_AGGRESSIVE;
				CLANG_WARN_UNREACHABLE_CODE = YES;
				CLANG_WARN__DUPLICATE_METHOD_MATCH = YES;
				COPY_PHASE_STRIP = NO;
				DEBUG_INFORMATION_FORMAT = dwarf;
				DEVELOPMENT_TEAM = 9UM4324K24;
				ENABLE_STRICT_OBJC_MSGSEND = YES;
				ENABLE_TESTABILITY = YES;
				ENABLE_USER_SCRIPT_SANDBOXING = YES;
				GCC_C_LANGUAGE_STANDARD = gnu17;
				GCC_DYNAMIC_NO_PIC = NO;
				GCC_NO_COMMON_BLOCKS = YES;
				GCC_OPTIMIZATION_LEVEL = 0;
				GCC_PREPROCESSOR_DEFINITIONS = (
					"DEBUG=1",
					"$(inherited)",
				);
				GCC_WARN_64_TO_32_BIT_CONVERSION = YES;
				GCC_WARN_ABOUT_RETURN_TYPE = YES_ERROR;
				GCC_WARN_UNDECLARED_SELECTOR = YES;
				GCC_WARN_UNINITIALIZED_AUTOS = YES_AGGRESSIVE;
				GCC_WARN_UNUSED_FUNCTION = YES;
				GCC_WARN_UNUSED_VARIABLE = YES;
				IPHONEOS_DEPLOYMENT_TARGET = 18.4;
				LOCALIZATION_PREFERS_STRING_CATALOGS = YES;
				MTL_ENABLE_DEBUG_INFO = INCLUDE_SOURCE;
				MTL_FAST_MATH = YES;
				ONLY_ACTIVE_ARCH = YES;
				SDKROOT = iphoneos;
				SWIFT_ACTIVE_COMPILATION_CONDITIONS = "DEBUG $(inherited)";
				SWIFT_OPTIMIZATION_LEVEL = "-Onone";
			};
			name = Debug;
		};
		5FA5D4A12E623DF300E05A92 /* Release */ = {
			isa = XCBuildConfiguration;
			buildSettings = {
				ALWAYS_SEARCH_USER_PATHS = NO;
				ASSETCATALOG_COMPILER_GENERATE_SWIFT_ASSET_SYMBOL_EXTENSIONS = YES;
				CLANG_ANALYZER_NONNULL = YES;
				CLANG_ANALYZER_NUMBER_OBJECT_CONVERSION = YES_AGGRESSIVE;
				CLANG_CXX_LANGUAGE_STANDARD = "gnu++20";
				CLANG_ENABLE_MODULES = YES;
				CLANG_ENABLE_OBJC_ARC = YES;
				CLANG_ENABLE_OBJC_WEAK = YES;
				CLANG_WARN_BLOCK_CAPTURE_AUTORELEASING = YES;
				CLANG_WARN_BOOL_CONVERSION = YES;
				CLANG_WARN_COMMA = YES;
				CLANG_WARN_CONSTANT_CONVERSION = YES;
				CLANG_WARN_DEPRECATED_OBJC_IMPLEMENTATIONS = YES;
				CLANG_WARN_DIRECT_OBJC_ISA_USAGE = YES_ERROR;
				CLANG_WARN_DOCUMENTATION_COMMENTS = YES;
				CLANG_WARN_EMPTY_BODY = YES;
				CLANG_WARN_ENUM_CONVERSION = YES;
				CLANG_WARN_INFINITE_RECURSION = YES;
				CLANG_WARN_INT_CONVERSION = YES;
				CLANG_WARN_NON_LITERAL_NULL_CONVERSION = YES;
				CLANG_WARN_OBJC_IMPLICIT_RETAIN_SELF = YES;
				CLANG_WARN_OBJC_LITERAL_CONVERSION = YES;
				CLANG_WARN_OBJC_ROOT_CLASS = YES_ERROR;
				CLANG_WARN_QUOTED_INCLUDE_IN_FRAMEWORK_HEADER = YES;
				CLANG_WARN_RANGE_LOOP_ANALYSIS = YES;
				CLANG_WARN_STRICT_PROTOTYPES = YES;
				CLANG_WARN_SUSPICIOUS_MOVE = YES;
				CLANG_WARN_UNGUARDED_AVAILABILITY = YES_AGGRESSIVE;
				CLANG_WARN_UNREACHABLE_CODE = YES;
				CLANG_WARN__DUPLICATE_METHOD_MATCH = YES;
				COPY_PHASE_STRIP = NO;
				DEBUG_INFORMATION_FORMAT = "dwarf-with-dsym";
				DEVELOPMENT_TEAM = 9UM4324K24;
				ENABLE_NS_ASSERTIONS = NO;
				ENABLE_STRICT_OBJC_MSGSEND = YES;
				ENABLE_USER_SCRIPT_SANDBOXING = YES;
				GCC_C_LANGUAGE_STANDARD = gnu17;
				GCC_NO_COMMON_BLOCKS = YES;
				GCC_WARN_64_TO_32_BIT_CONVERSION = YES;
				GCC_WARN_ABOUT_RETURN_TYPE = YES_ERROR;
				GCC_WARN_UNDECLARED_SELECTOR = YES;
				GCC_WARN_UNINITIALIZED_AUTOS = YES_AGGRESSIVE;
				GCC_WARN_UNUSED_FUNCTION = YES;
				GCC_WARN_UNUSED_VARIABLE = YES;
				IPHONEOS_DEPLOYMENT_TARGET = 18.4;
				LOCALIZATION_PREFERS_STRING_CATALOGS = YES;
				MTL_ENABLE_DEBUG_INFO = NO;
				MTL_FAST_MATH = YES;
				SDKROOT = iphoneos;
				SWIFT_COMPILATION_MODE = wholemodule;
				VALIDATE_PRODUCT = YES;
			};
			name = Release;
		};
		5FA5D4A32E623DF300E05A92 /* Debug */ = {
			isa = XCBuildConfiguration;
			buildSettings = {
				ASSETCATALOG_COMPILER_APPICON_NAME = AppIcon;
				ASSETCATALOG_COMPILER_GLOBAL_ACCENT_COLOR_NAME = AccentColor;
				CODE_SIGN_STYLE = Automatic;
				CURRENT_PROJECT_VERSION = 1;
				DEVELOPMENT_TEAM = 9UM4324K24;
				ENABLE_PREVIEWS = YES;
				GENERATE_INFOPLIST_FILE = YES;
				INFOPLIST_KEY_UIApplicationSceneManifest_Generation = YES;
				INFOPLIST_KEY_UIApplicationSupportsIndirectInputEvents = YES;
				INFOPLIST_KEY_UILaunchScreen_Generation = YES;
				INFOPLIST_KEY_UISupportedInterfaceOrientations_iPad = "UIInterfaceOrientationPortrait UIInterfaceOrientationPortraitUpsideDown UIInterfaceOrientationLandscapeLeft UIInterfaceOrientationLandscapeRight";
				INFOPLIST_KEY_UISupportedInterfaceOrientations_iPhone = "UIInterfaceOrientationPortrait UIInterfaceOrientationLandscapeLeft UIInterfaceOrientationLandscapeRight";
				LD_RUNPATH_SEARCH_PATHS = (
					"$(inherited)",
					"@executable_path/Frameworks",
				);
				MARKETING_VERSION = 1.0;
				PRODUCT_BUNDLE_IDENTIFIER = "jdml.AWS-Academy";
				PRODUCT_NAME = "$(TARGET_NAME)";
				SWIFT_EMIT_LOC_STRINGS = YES;
				SWIFT_VERSION = 5.0;
				TARGETED_DEVICE_FAMILY = "1,2";
			};
			name = Debug;
		};
		5FA5D4A42E623DF300E05A92 /* Release */ = {
			isa = XCBuildConfiguration;
			buildSettings = {
				ASSETCATALOG_COMPILER_APPICON_NAME = AppIcon;
				ASSETCATALOG_COMPILER_GLOBAL_ACCENT_COLOR_NAME = AccentColor;
				CODE_SIGN_STYLE = Automatic;
				CURRENT_PROJECT_VERSION = 1;
				DEVELOPMENT_TEAM = 9UM4324K24;
				ENABLE_PREVIEWS = YES;
				GENERATE_INFOPLIST_FILE = YES;
				INFOPLIST_KEY_UIApplicationSceneManifest_Generation = YES;
				INFOPLIST_KEY_UIApplicationSupportsIndirectInputEvents = YES;
				INFOPLIST_KEY_UILaunchScreen_Generation = YES;
				INFOPLIST_KEY_UISupportedInterfaceOrientations_iPad = "UIInterfaceOrientationPortrait UIInterfaceOrientationPortraitUpsideDown UIInterfaceOrientationLandscapeLeft UIInterfaceOrientationLandscapeRight";
				INFOPLIST_KEY_UISupportedInterfaceOrientations_iPhone = "UIInterfaceOrientationPortrait UIInterfaceOrientationLandscapeLeft UIInterfaceOrientationLandscapeRight";
				LD_RUNPATH_SEARCH_PATHS = (
					"$(inherited)",
					"@executable_path/Frameworks",
				);
				MARKETING_VERSION = 1.0;
				PRODUCT_BUNDLE_IDENTIFIER = "jdml.AWS-Academy";
				PRODUCT_NAME = "$(TARGET_NAME)";
				SWIFT_EMIT_LOC_STRINGS = YES;
				SWIFT_VERSION = 5.0;
				TARGETED_DEVICE_FAMILY = "1,2";
			};
			name = Release;
		};
		5FA5D4A62E623DF300E05A92 /* Debug */ = {
			isa = XCBuildConfiguration;
			buildSettings = {
				BUNDLE_LOADER = "$(TEST_HOST)";
				CODE_SIGN_STYLE = Automatic;
				CURRENT_PROJECT_VERSION = 1;
				DEVELOPMENT_TEAM = 9UM4324K24;
				GENERATE_INFOPLIST_FILE = YES;
				IPHONEOS_DEPLOYMENT_TARGET = 18.4;
				MARKETING_VERSION = 1.0;
				PRODUCT_BUNDLE_IDENTIFIER = "jdml.AWS-AcademyTests";
				PRODUCT_NAME = "$(TARGET_NAME)";
				SWIFT_EMIT_LOC_STRINGS = NO;
				SWIFT_VERSION = 5.0;
				TARGETED_DEVICE_FAMILY = "1,2";
				TEST_HOST = "$(BUILT_PRODUCTS_DIR)/AWS Academy.app/$(BUNDLE_EXECUTABLE_FOLDER_PATH)/AWS Academy";
			};
			name = Debug;
		};
		5FA5D4A72E623DF300E05A92 /* Release */ = {
			isa = XCBuildConfiguration;
			buildSettings = {
				BUNDLE_LOADER = "$(TEST_HOST)";
				CODE_SIGN_STYLE = Automatic;
				CURRENT_PROJECT_VERSION = 1;
				DEVELOPMENT_TEAM = 9UM4324K24;
				GENERATE_INFOPLIST_FILE = YES;
				IPHONEOS_DEPLOYMENT_TARGET = 18.4;
				MARKETING_VERSION = 1.0;
				PRODUCT_BUNDLE_IDENTIFIER = "jdml.AWS-AcademyTests";
				PRODUCT_NAME = "$(TARGET_NAME)";
				SWIFT_EMIT_LOC_STRINGS = NO;
				SWIFT_VERSION = 5.0;
				TARGETED_DEVICE_FAMILY = "1,2";
				TEST_HOST = "$(BUILT_PRODUCTS_DIR)/AWS Academy.app/$(BUNDLE_EXECUTABLE_FOLDER_PATH)/AWS Academy";
			};
			name = Release;
		};
		5FA5D4A92E623DF300E05A92 /* Debug */ = {
			isa = XCBuildConfiguration;
			buildSettings = {
				CODE_SIGN_STYLE = Automatic;
				CURRENT_PROJECT_VERSION = 1;
				DEVELOPMENT_TEAM = 9UM4324K24;
				GENERATE_INFOPLIST_FILE = YES;
				MARKETING_VERSION = 1.0;
				PRODUCT_BUNDLE_IDENTIFIER = "jdml.AWS-AcademyUITests";
				PRODUCT_NAME = "$(TARGET_NAME)";
				SWIFT_EMIT_LOC_STRINGS = NO;
				SWIFT_VERSION = 5.0;
				TARGETED_DEVICE_FAMILY = "1,2";
				TEST_TARGET_NAME = "AWS Academy";
			};
			name = Debug;
		};
		5FA5D4AA2E623DF300E05A92 /* Release */ = {
			isa = XCBuildConfiguration;
			buildSettings = {
				CODE_SIGN_STYLE = Automatic;
				CURRENT_PROJECT_VERSION = 1;
				DEVELOPMENT_TEAM = 9UM4324K24;
				GENERATE_INFOPLIST_FILE = YES;
				MARKETING_VERSION = 1.0;
				PRODUCT_BUNDLE_IDENTIFIER = "jdml.AWS-AcademyUITests";
				PRODUCT_NAME = "$(TARGET_NAME)";
				SWIFT_EMIT_LOC_STRINGS = NO;
				SWIFT_VERSION = 5.0;
				TARGETED_DEVICE_FAMILY = "1,2";
				TEST_TARGET_NAME = "AWS Academy";
			};
			name = Release;
		};
/* End XCBuildConfiguration section */

/* Begin XCConfigurationList section */
		5FA5D47C2E623DF100E05A92 /* Build configuration list for PBXProject "AWS Academy" */ = {
			isa = XCConfigurationList;
			buildConfigurations = (
				5FA5D4A02E623DF300E05A92 /* Debug */,
				5FA5D4A12E623DF300E05A92 /* Release */,
			);
			defaultConfigurationIsVisible = 0;
			defaultConfigurationName = Release;
		};
		5FA5D4A22E623DF300E05A92 /* Build configuration list for PBXNativeTarget "AWS Academy" */ = {
			isa = XCConfigurationList;
			buildConfigurations = (
				5FA5D4A32E623DF300E05A92 /* Debug */,
				5FA5D4A42E623DF300E05A92 /* Release */,
			);
			defaultConfigurationIsVisible = 0;
			defaultConfigurationName = Release;
		};
		5FA5D4A52E623DF300E05A92 /* Build configuration list for PBXNativeTarget "AWS AcademyTests" */ = {
			isa = XCConfigurationList;
			buildConfigurations = (
				5FA5D4A62E623DF300E05A92 /* Debug */,
				5FA5D4A72E623DF300E05A92 /* Release */,
			);
			defaultConfigurationIsVisible = 0;
			defaultConfigurationName = Release;
		};
		5FA5D4A82E623DF300E05A92 /* Build configuration list for PBXNativeTarget "AWS AcademyUITests" */ = {
			isa = XCConfigurationList;
			buildConfigurations = (
				5FA5D4A92E623DF300E05A92 /* Debug */,
				5FA5D4AA2E623DF300E05A92 /* Release */,
			);
			defaultConfigurationIsVisible = 0;
			defaultConfigurationName = Release;
		};
/* End XCConfigurationList section */
	};
	rootObject = 5FA5D4792E623DF100E05A92 /* Project object */;
}
